
Microsoft Visual Studio Solution File, Format Version 12.00
# Visual Studio Version 16
VisualStudioVersion = 16.0.29424.173
MinimumVisualStudioVersion = 10.0.40219.1
Project("{FAE04EC0-301F-11D3-BF4B-00C04F79EFBC}") = "DynamoDev-S2-E1-Start", "DynamoDev-S2-E1-Start\DynamoDev-S2-E1-Start.csproj", "{693770BC-919F-4984-B41B-E9D68AA08F8F}"
EndProject
Global
	GlobalSection(SolutionConfigurationPlatforms) = preSolution
		Debug|Any CPU = Debug|Any CPU
		Release|Any CPU = Release|Any CPU
	EndGlobalSection
	GlobalSection(ProjectConfigurationPlatforms) = postSolution
		{693770BC-919F-4984-B41B-E9D68AA08F8F}.Debug|Any CPU.ActiveCfg = Debug|Any CPU
		{693770BC-919F-4984-B41B-E9D68AA08F8F}.Debug|Any CPU.Build.0 = Debug|Any CPU
		{693770BC-919F-4984-B41B-E9D68AA08F8F}.Release|Any CPU.ActiveCfg = Release|Any CPU
		{693770BC-919F-4984-B41B-E9D68AA08F8F}.Release|Any CPU.Build.0 = Release|Any CPU
	EndGlobalSection
	GlobalSection(SolutionProperties) = preSolution
		HideSolutionNode = FALSE
	EndGlobalSection
	GlobalSection(ExtensibilityGlobals) = postSolution
		SolutionGuid = {4B3FC4CC-2070-4C4A-9EBF-3DBC12564600}
	EndGlobalSection
EndGlobal
